
Microsoft Visual Studio Solution File, Format Version 12.00
# Visual Studio Version 17
VisualStudioVersion = 17.14.36401.2
MinimumVisualStudioVersion = 10.0.40219.1
Project("{FAE04EC0-301F-11D3-BF4B-00C04F79EFBC}") = "ЛР 1 СИИ", "ЛР 1 СИИ\ЛР 1 СИИ.csproj", "{44D30158-C653-4C56-BDA7-9AFD3CDA46CE}"
EndProject
Project("{FAE04EC0-301F-11D3-BF4B-00C04F79EFBC}") = "UI", "UI\UI.csproj", "{17A7CFC6-DCB0-4B0C-B276-016411DA62FC}"
EndProject
Global
	GlobalSection(SolutionConfigurationPlatforms) = preSolution
		Debug|Any CPU = Debug|Any CPU
		Release|Any CPU = Release|Any CPU
	EndGlobalSection
	GlobalSection(ProjectConfigurationPlatforms) = postSolution
		{44D30158-C653-4C56-BDA7-9AFD3CDA46CE}.Debug|Any CPU.ActiveCfg = Debug|Any CPU
		{44D30158-C653-4C56-BDA7-9AFD3CDA46CE}.Debug|Any CPU.Build.0 = Debug|Any CPU
		{44D30158-C653-4C56-BDA7-9AFD3CDA46CE}.Release|Any CPU.ActiveCfg = Release|Any CPU
		{44D30158-C653-4C56-BDA7-9AFD3CDA46CE}.Release|Any CPU.Build.0 = Release|Any CPU
		{17A7CFC6-DCB0-4B0C-B276-016411DA62FC}.Debug|Any CPU.ActiveCfg = Debug|Any CPU
		{17A7CFC6-DCB0-4B0C-B276-016411DA62FC}.Debug|Any CPU.Build.0 = Debug|Any CPU
		{17A7CFC6-DCB0-4B0C-B276-016411DA62FC}.Release|Any CPU.ActiveCfg = Release|Any CPU
		{17A7CFC6-DCB0-4B0C-B276-016411DA62FC}.Release|Any CPU.Build.0 = Release|Any CPU
	EndGlobalSection
	GlobalSection(SolutionProperties) = preSolution
		HideSolutionNode = FALSE
	EndGlobalSection
	GlobalSection(ExtensibilityGlobals) = postSolution
		SolutionGuid = {BF44B30F-69FB-4036-9C9C-7B570DD1B107}
	EndGlobalSection
EndGlobal
